
Microsoft Visual Studio Solution File, Format Version 12.00
# Visual Studio Version 16
VisualStudioVersion = 16.0.29806.167
MinimumVisualStudioVersion = 10.0.40219.1
Project("{F184B08F-C81C-45F6-A57F-5ABD9991F28F}") = "Addition", "Addition\Addition.vbproj", "{F44BF6FC-DDA7-4AF0-BB30-91CD2A6D7C54}"
EndProject
Global
	GlobalSection(SolutionConfigurationPlatforms) = preSolution
		Debug|Any CPU = Debug|Any CPU
		Release|Any CPU = Release|Any CPU
	EndGlobalSection
	GlobalSection(ProjectConfigurationPlatforms) = postSolution
		{F44BF6FC-DDA7-4AF0-BB30-91CD2A6D7C54}.Debug|Any CPU.ActiveCfg = Debug|Any CPU
		{F44BF6FC-DDA7-4AF0-BB30-91CD2A6D7C54}.Debug|Any CPU.Build.0 = Debug|Any CPU
		{F44BF6FC-DDA7-4AF0-BB30-91CD2A6D7C54}.Release|Any CPU.ActiveCfg = Release|Any CPU
		{F44BF6FC-DDA7-4AF0-BB30-91CD2A6D7C54}.Release|Any CPU.Build.0 = Release|Any CPU
	EndGlobalSection
	GlobalSection(SolutionProperties) = preSolution
		HideSolutionNode = FALSE
	EndGlobalSection
	GlobalSection(ExtensibilityGlobals) = postSolution
		SolutionGuid = {C526D79C-F434-4FE9-82C0-1DADB783CB71}
	EndGlobalSection
EndGlobal
